PODS:
  - Flutter (2.0.0)
  - flutter_appavailability (0.0.1):
    - Flutter

DEPENDENCIES:
  - flutter_appavailability (from `.symlinks/plugins/flutter_appavailability/ios`)

SPEC REPOS:
  trunk:
    - Flutter

EXTERNAL SOURCES:
  flutter_appavailability:
    :path: ".symlinks/plugins/flutter_appavailability/ios"

SPEC CHECKSUMS:
  Flutter: 1c17b7bc8cd10f9f85f9dbc56caee3074756daad
  flutter_appavailability: ebf8f85abea44436d1262fcde8a4e64b2534b01a

PODFILE CHECKSUM: 7765ea4305eaab0b3dfd384c7de11902aa3195fd

COCOAPODS: 1.10.0
